
Microsoft Visual Studio Solution File, Format Version 12.00
# Visual Studio 15
Project("{FAE04EC0-301F-11D3-BF4B-00C04F79EFBC}") = "Tank-Online", "Assembly-CSharp-firstpass.csproj", "{283FE777-D7D7-7358-ED1E-3864D60B8E53}"
EndProject
Project("{FAE04EC0-301F-11D3-BF4B-00C04F79EFBC}") = "Tank-Online", "Assembly-CSharp.csproj", "{18083FB5-1CFA-8C08-383D-718FD0AB1870}"
EndProject
Project("{FAE04EC0-301F-11D3-BF4B-00C04F79EFBC}") = "Tank-Online", "Assembly-CSharp-Editor.csproj", "{262E1B5C-6413-E41E-8EDA-4BEF1D785CD9}"
EndProject
Global
	GlobalSection(SolutionConfigurationPlatforms) = preSolution
		Debug|Any CPU = Debug|Any CPU
		Release|Any CPU = Release|Any CPU
	EndGlobalSection
	GlobalSection(ProjectConfigurationPlatforms) = postSolution
		{283FE777-D7D7-7358-ED1E-3864D60B8E53}.Debug|Any CPU.ActiveCfg = Debug|Any CPU
		{283FE777-D7D7-7358-ED1E-3864D60B8E53}.Debug|Any CPU.Build.0 = Debug|Any CPU
		{283FE777-D7D7-7358-ED1E-3864D60B8E53}.Release|Any CPU.ActiveCfg = Release|Any CPU
		{283FE777-D7D7-7358-ED1E-3864D60B8E53}.Release|Any CPU.Build.0 = Release|Any CPU
		{18083FB5-1CFA-8C08-383D-718FD0AB1870}.Debug|Any CPU.ActiveCfg = Debug|Any CPU
		{18083FB5-1CFA-8C08-383D-718FD0AB1870}.Debug|Any CPU.Build.0 = Debug|Any CPU
		{18083FB5-1CFA-8C08-383D-718FD0AB1870}.Release|Any CPU.ActiveCfg = Release|Any CPU
		{18083FB5-1CFA-8C08-383D-718FD0AB1870}.Release|Any CPU.Build.0 = Release|Any CPU
		{262E1B5C-6413-E41E-8EDA-4BEF1D785CD9}.Debug|Any CPU.ActiveCfg = Debug|Any CPU
		{262E1B5C-6413-E41E-8EDA-4BEF1D785CD9}.Debug|Any CPU.Build.0 = Debug|Any CPU
		{262E1B5C-6413-E41E-8EDA-4BEF1D785CD9}.Release|Any CPU.ActiveCfg = Release|Any CPU
		{262E1B5C-6413-E41E-8EDA-4BEF1D785CD9}.Release|Any CPU.Build.0 = Release|Any CPU
	EndGlobalSection
	GlobalSection(SolutionProperties) = preSolution
		HideSolutionNode = FALSE
	EndGlobalSection
EndGlobal
